
Microsoft Visual Studio Solution File, Format Version 12.00
# Visual Studio Version 16
VisualStudioVersion = 16.0.29806.167
MinimumVisualStudioVersion = 10.0.40219.1
Project("{FAE04EC0-301F-11D3-BF4B-00C04F79EFBC}") = "Tool1", "Tool1.csproj", "{0B735101-DC7A-426E-A344-377E736D6FEC}"
EndProject
Project("{FAE04EC0-301F-11D3-BF4B-00C04F79EFBC}") = "Tool2", "tool2\Tool2.csproj", "{E5C8FE05-6677-4108-B8F3-988D3E129F5F}"
EndProject
Project("{FAE04EC0-301F-11D3-BF4B-00C04F79EFBC}") = "Tool3", "Tool3\Tool3.csproj", "{267AEC25-CE89-4E8D-9EAA-EAC4BF6938D1}"
EndProject
Global
	GlobalSection(SolutionConfigurationPlatforms) = preSolution
		Debug|Any CPU = Debug|Any CPU
		Release|Any CPU = Release|Any CPU
	EndGlobalSection
	GlobalSection(ProjectConfigurationPlatforms) = postSolution
		{0B735101-DC7A-426E-A344-377E736D6FEC}.Debug|Any CPU.ActiveCfg = Debug|Any CPU
		{0B735101-DC7A-426E-A344-377E736D6FEC}.Debug|Any CPU.Build.0 = Debug|Any CPU
		{0B735101-DC7A-426E-A344-377E736D6FEC}.Release|Any CPU.ActiveCfg = Release|Any CPU
		{0B735101-DC7A-426E-A344-377E736D6FEC}.Release|Any CPU.Build.0 = Release|Any CPU
		{E5C8FE05-6677-4108-B8F3-988D3E129F5F}.Debug|Any CPU.ActiveCfg = Debug|Any CPU
		{E5C8FE05-6677-4108-B8F3-988D3E129F5F}.Debug|Any CPU.Build.0 = Debug|Any CPU
		{E5C8FE05-6677-4108-B8F3-988D3E129F5F}.Release|Any CPU.ActiveCfg = Release|Any CPU
		{E5C8FE05-6677-4108-B8F3-988D3E129F5F}.Release|Any CPU.Build.0 = Release|Any CPU
		{267AEC25-CE89-4E8D-9EAA-EAC4BF6938D1}.Debug|Any CPU.ActiveCfg = Debug|Any CPU
		{267AEC25-CE89-4E8D-9EAA-EAC4BF6938D1}.Debug|Any CPU.Build.0 = Debug|Any CPU
		{267AEC25-CE89-4E8D-9EAA-EAC4BF6938D1}.Release|Any CPU.ActiveCfg = Release|Any CPU
		{267AEC25-CE89-4E8D-9EAA-EAC4BF6938D1}.Release|Any CPU.Build.0 = Release|Any CPU
	EndGlobalSection
	GlobalSection(SolutionProperties) = preSolution
		HideSolutionNode = FALSE
	EndGlobalSection
	GlobalSection(ExtensibilityGlobals) = postSolution
		SolutionGuid = {E57D3BD4-30D1-4F1A-A4B8-C6E97B1838B3}
	EndGlobalSection
EndGlobal
